
Microsoft Visual Studio Solution File, Format Version 12.00
# Visual Studio Version 17
VisualStudioVersion = 17.9.34622.214
MinimumVisualStudioVersion = 10.0.40219.1
Project("{FAE04EC0-301F-11D3-BF4B-00C04F79EFBC}") = "Workaround", "Workaround\Workaround.csproj", "{8E0C1F2F-91AC-4431-A6A6-32ABDB2FFD92}"
EndProject
Project("{FAE04EC0-301F-11D3-BF4B-00C04F79EFBC}") = "Entities", "Entities\Entities.csproj", "{62954840-60C8-4F86-AA48-97048A433135}"
EndProject
Project("{FAE04EC0-301F-11D3-BF4B-00C04F79EFBC}") = "Business", "Business\Business.csproj", "{354AA1A8-E833-451E-8D24-5D34F3FC6F18}"
EndProject
Global
	GlobalSection(SolutionConfigurationPlatforms) = preSolution
		Debug|Any CPU = Debug|Any CPU
		Release|Any CPU = Release|Any CPU
	EndGlobalSection
	GlobalSection(ProjectConfigurationPlatforms) = postSolution
		{8E0C1F2F-91AC-4431-A6A6-32ABDB2FFD92}.Debug|Any CPU.ActiveCfg = Debug|Any CPU
		{8E0C1F2F-91AC-4431-A6A6-32ABDB2FFD92}.Debug|Any CPU.Build.0 = Debug|Any CPU
		{8E0C1F2F-91AC-4431-A6A6-32ABDB2FFD92}.Release|Any CPU.ActiveCfg = Release|Any CPU
		{8E0C1F2F-91AC-4431-A6A6-32ABDB2FFD92}.Release|Any CPU.Build.0 = Release|Any CPU
		{62954840-60C8-4F86-AA48-97048A433135}.Debug|Any CPU.ActiveCfg = Debug|Any CPU
		{62954840-60C8-4F86-AA48-97048A433135}.Debug|Any CPU.Build.0 = Debug|Any CPU
		{62954840-60C8-4F86-AA48-97048A433135}.Release|Any CPU.ActiveCfg = Release|Any CPU
		{62954840-60C8-4F86-AA48-97048A433135}.Release|Any CPU.Build.0 = Release|Any CPU
		{354AA1A8-E833-451E-8D24-5D34F3FC6F18}.Debug|Any CPU.ActiveCfg = Debug|Any CPU
		{354AA1A8-E833-451E-8D24-5D34F3FC6F18}.Debug|Any CPU.Build.0 = Debug|Any CPU
		{354AA1A8-E833-451E-8D24-5D34F3FC6F18}.Release|Any CPU.ActiveCfg = Release|Any CPU
		{354AA1A8-E833-451E-8D24-5D34F3FC6F18}.Release|Any CPU.Build.0 = Release|Any CPU
	EndGlobalSection
	GlobalSection(SolutionProperties) = preSolution
		HideSolutionNode = FALSE
	EndGlobalSection
	GlobalSection(ExtensibilityGlobals) = postSolution
		SolutionGuid = {E76B0D4D-B5E8-4801-B2A5-F39257FAB46C}
	EndGlobalSection
EndGlobal
